
Microsoft Visual Studio Solution File, Format Version 12.00
# Visual Studio Version 16
VisualStudioVersion = 16.0.31019.35
MinimumVisualStudioVersion = 10.0.40219.1
Project("{FAE04EC0-301F-11D3-BF4B-00C04F79EFBC}") = "Parzystosc liczb", "Parzystosc liczb.csproj", "{B3D09E2D-D3DB-456D-91F1-3161BA5EB975}"
EndProject
Global
	GlobalSection(SolutionConfigurationPlatforms) = preSolution
		Debug|Any CPU = Debug|Any CPU
		Release|Any CPU = Release|Any CPU
	EndGlobalSection
	GlobalSection(ProjectConfigurationPlatforms) = postSolution
		{B3D09E2D-D3DB-456D-91F1-3161BA5EB975}.Debug|Any CPU.ActiveCfg = Debug|Any CPU
		{B3D09E2D-D3DB-456D-91F1-3161BA5EB975}.Debug|Any CPU.Build.0 = Debug|Any CPU
		{B3D09E2D-D3DB-456D-91F1-3161BA5EB975}.Release|Any CPU.ActiveCfg = Release|Any CPU
		{B3D09E2D-D3DB-456D-91F1-3161BA5EB975}.Release|Any CPU.Build.0 = Release|Any CPU
	EndGlobalSection
	GlobalSection(SolutionProperties) = preSolution
		HideSolutionNode = FALSE
	EndGlobalSection
	GlobalSection(ExtensibilityGlobals) = postSolution
		SolutionGuid = {5DA8DBCE-AEA6-4B72-A3E8-8687A21C75FC}
	EndGlobalSection
EndGlobal
